
Microsoft Visual Studio Solution File, Format Version 12.00
# Visual Studio Version 16
VisualStudioVersion = 16.0.31205.134
MinimumVisualStudioVersion = 10.0.40219.1
Project("{FAE04EC0-301F-11D3-BF4B-00C04F79EFBC}") = "iengine", "iengine\iengine.csproj", "{D613E6AA-A364-4968-8DEC-FCA2F84F1652}"
EndProject
Project("{9A19103F-16F7-4668-BE54-9A1E7A4F7556}") = "Prover", "..\Prover\Prover.csproj", "{C786014E-5521-43E6-9842-CD59FC731AFE}"
EndProject
Project("{9A19103F-16F7-4668-BE54-9A1E7A4F7556}") = "TestProver", "..\TestProver\TestProver.csproj", "{933FCCEF-5492-433B-8163-6B4D188CA15F}"
EndProject
Global
	GlobalSection(SolutionConfigurationPlatforms) = preSolution
		Debug|Any CPU = Debug|Any CPU
		Release|Any CPU = Release|Any CPU
	EndGlobalSection
	GlobalSection(ProjectConfigurationPlatforms) = postSolution
		{D613E6AA-A364-4968-8DEC-FCA2F84F1652}.Debug|Any CPU.ActiveCfg = Debug|Any CPU
		{D613E6AA-A364-4968-8DEC-FCA2F84F1652}.Debug|Any CPU.Build.0 = Debug|Any CPU
		{D613E6AA-A364-4968-8DEC-FCA2F84F1652}.Release|Any CPU.ActiveCfg = Release|Any CPU
		{D613E6AA-A364-4968-8DEC-FCA2F84F1652}.Release|Any CPU.Build.0 = Release|Any CPU
		{C786014E-5521-43E6-9842-CD59FC731AFE}.Debug|Any CPU.ActiveCfg = Debug|Any CPU
		{C786014E-5521-43E6-9842-CD59FC731AFE}.Debug|Any CPU.Build.0 = Debug|Any CPU
		{C786014E-5521-43E6-9842-CD59FC731AFE}.Release|Any CPU.ActiveCfg = Release|Any CPU
		{C786014E-5521-43E6-9842-CD59FC731AFE}.Release|Any CPU.Build.0 = Release|Any CPU
		{933FCCEF-5492-433B-8163-6B4D188CA15F}.Debug|Any CPU.ActiveCfg = Debug|Any CPU
		{933FCCEF-5492-433B-8163-6B4D188CA15F}.Debug|Any CPU.Build.0 = Debug|Any CPU
		{933FCCEF-5492-433B-8163-6B4D188CA15F}.Release|Any CPU.ActiveCfg = Release|Any CPU
		{933FCCEF-5492-433B-8163-6B4D188CA15F}.Release|Any CPU.Build.0 = Release|Any CPU
	EndGlobalSection
	GlobalSection(SolutionProperties) = preSolution
		HideSolutionNode = FALSE
	EndGlobalSection
	GlobalSection(ExtensibilityGlobals) = postSolution
		SolutionGuid = {958D421C-05CB-427C-8D1E-DB9CA67E923D}
	EndGlobalSection
EndGlobal
